// !$*UTF8*$!
{
	archiveVersion = 1;
	classes = {
	};
	objectVersion = 50;
	objects = {

/* Begin PBXBuildFile section */
		FA53EFBD25604D560038DA2A /* AppDelegate.swift in Sources */ = {isa = PBXBuildFile; fileRef = FA53EFBC25604D560038DA2A /* AppDelegate.swift */; };
		FA53EFBF25604D560038DA2A /* SceneDelegate.swift in Sources */ = {isa = PBXBuildFile; fileRef = FA53EFBE25604D560038DA2A /* SceneDelegate.swift */; };
		FA53EFC125604D560038DA2A /* ViewController.swift in Sources */ = {isa = PBXBuildFile; fileRef = FA53EFC025604D560038DA2A /* ViewController.swift */; };
		FA53EFC425604D560038DA2A /* Main.storyboard in Resources */ = {isa = PBXBuildFile; fileRef = FA53EFC225604D560038DA2A /* Main.storyboard */; };
		FA53EFC625604D580038DA2A /* Assets.xcassets in Resources */ = {isa = PBXBuildFile; fileRef = FA53EFC525604D580038DA2A /* Assets.xcassets */; };
		FA53EFC925604D580038DA2A /* LaunchScreen.storyboard in Resources */ = {isa = PBXBuildFile; fileRef = FA53EFC725604D580038DA2A /* LaunchScreen.storyboard */; };
		FA53EFD425604D590038DA2A /* COVIDTrackerTests.swift in Sources */ = {isa = PBXBuildFile; fileRef = FA53EFD325604D590038DA2A /* COVIDTrackerTests.swift */; };
		FA53EFDF25604D590038DA2A /* COVIDTrackerUITests.swift in Sources */ = {isa = PBXBuildFile; fileRef = FA53EFDE25604D590038DA2A /* COVIDTrackerUITests.swift */; };
		FA53EFF725604D760038DA2A /* Location.swift in Sources */ = {isa = PBXBuildFile; fileRef = FA53EFEF25604D760038DA2A /* Location.swift */; };
		FA53EFF825604D760038DA2A /* News.swift in Sources */ = {isa = PBXBuildFile; fileRef = FA53EFF025604D760038DA2A /* News.swift */; };
		FA53EFF925604D760038DA2A /* QRCode.swift in Sources */ = {isa = PBXBuildFile; fileRef = FA53EFF125604D760038DA2A /* QRCode.swift */; };
		FA53EFFA25604D760038DA2A /* main.swift in Sources */ = {isa = PBXBuildFile; fileRef = FA53EFF225604D760038DA2A /* main.swift */; };
		FA53EFFB25604D760038DA2A /* Enums.swift in Sources */ = {isa = PBXBuildFile; fileRef = FA53EFF325604D760038DA2A /* Enums.swift */; };
		FA53EFFC25604D760038DA2A /* User.swift in Sources */ = {isa = PBXBuildFile; fileRef = FA53EFF425604D760038DA2A /* User.swift */; };
		FA53EFFD25604D760038DA2A /* README.md in Resources */ = {isa = PBXBuildFile; fileRef = FA53EFF525604D760038DA2A /* README.md */; };
		FA53EFFE25604D760038DA2A /* Notifications.swift in Sources */ = {isa = PBXBuildFile; fileRef = FA53EFF625604D760038DA2A /* Notifications.swift */; };
/* End PBXBuildFile section */

/* Begin PBXContainerItemProxy section */
		FA53EFD025604D590038DA2A /* PBXContainerItemProxy */ = {
			isa = PBXContainerItemProxy;
			containerPortal = FA53EFB125604D560038DA2A /* Project object */;
			proxyType = 1;
			remoteGlobalIDString = FA53EFB825604D560038DA2A;
			remoteInfo = COVIDTracker;
		};
		FA53EFDB25604D590038DA2A /* PBXContainerItemProxy */ = {
			isa = PBXContainerItemProxy;
			containerPortal = FA53EFB125604D560038DA2A /* Project object */;
			proxyType = 1;
			remoteGlobalIDString = FA53EFB825604D560038DA2A;
			remoteInfo = COVIDTracker;
		};
/* End PBXContainerItemProxy section */

/* Begin PBXFileReference section */
		FA53EFB925604D560038DA2A /* COVIDTracker.app */ = {isa = PBXFileReference; explicitFileType = wrapper.application; includeInIndex = 0; path = COVIDTracker.app; sourceTree = BUILT_PRODUCTS_DIR; };
		FA53EFBC25604D560038DA2A /* AppDelegate.swift */ = {isa = PBXFileReference; lastKnownFileType = sourcecode.swift; path = AppDelegate.swift; sourceTree = "<group>"; };
		FA53EFBE25604D560038DA2A /* SceneDelegate.swift */ = {isa = PBXFileReference; lastKnownFileType = sourcecode.swift; path = SceneDelegate.swift; sourceTree = "<group>"; };
		FA53EFC025604D560038DA2A /* ViewController.swift */ = {isa = PBXFileReference; lastKnownFileType = sourcecode.swift; path = ViewController.swift; sourceTree = "<group>"; };
		FA53EFC325604D560038DA2A /* Base */ = {isa = PBXFileReference; lastKnownFileType = file.storyboard; name = Base; path = Base.lproj/Main.storyboard; sourceTree = "<group>"; };
		FA53EFC525604D580038DA2A /* Assets.xcassets */ = {isa = PBXFileReference; lastKnownFileType = folder.assetcatalog; path = Assets.xcassets; sourceTree = "<group>"; };
		FA53EFC825604D580038DA2A /* Base */ = {isa = PBXFileReference; lastKnownFileType = file.storyboard; name = Base; path = Base.lproj/LaunchScreen.storyboard; sourceTree = "<group>"; };
		FA53EFCA25604D580038DA2A /* Info.plist */ = {isa = PBXFileReference; lastKnownFileType = text.plist.xml; path = Info.plist; sourceTree = "<group>"; };
		FA53EFCF25604D590038DA2A /* COVIDTrackerTests.xctest */ = {isa = PBXFileReference; explicitFileType = wrapper.cfbundle; includeInIndex = 0; path = COVIDTrackerTests.xctest; sourceTree = BUILT_PRODUCTS_DIR; };
		FA53EFD325604D590038DA2A /* COVIDTrackerTests.swift */ = {isa = PBXFileReference; lastKnownFileType = sourcecode.swift; path = COVIDTrackerTests.swift; sourceTree = "<group>"; };
		FA53EFD525604D590038DA2A /* Info.plist */ = {isa = PBXFileReference; lastKnownFileType = text.plist.xml; path = Info.plist; sourceTree = "<group>"; };
		FA53EFDA25604D590038DA2A /* COVIDTrackerUITests.xctest */ = {isa = PBXFileReference; explicitFileType = wrapper.cfbundle; includeInIndex = 0; path = COVIDTrackerUITests.xctest; sourceTree = BUILT_PRODUCTS_DIR; };
		FA53EFDE25604D590038DA2A /* COVIDTrackerUITests.swift */ = {isa = PBXFileReference; lastKnownFileType = sourcecode.swift; path = COVIDTrackerUITests.swift; sourceTree = "<group>"; };
		FA53EFE025604D590038DA2A /* Info.plist */ = {isa = PBXFileReference; lastKnownFileType = text.plist.xml; path = Info.plist; sourceTree = "<group>"; };
		FA53EFEF25604D760038DA2A /* Location.swift */ = {isa = PBXFileReference; fileEncoding = 4; lastKnownFileType = sourcecode.swift; name = Location.swift; path = ../../../Documents/GitHub/CoronavirusTracker/Location.swift; sourceTree = "<group>"; };
		FA53EFF025604D760038DA2A /* News.swift */ = {isa = PBXFileReference; fileEncoding = 4; lastKnownFileType = sourcecode.swift; name = News.swift; path = ../../../Documents/GitHub/CoronavirusTracker/News.swift; sourceTree = "<group>"; };
		FA53EFF125604D760038DA2A /* QRCode.swift */ = {isa = PBXFileReference; fileEncoding = 4; lastKnownFileType = sourcecode.swift; name = QRCode.swift; path = ../../../Documents/GitHub/CoronavirusTracker/QRCode.swift; sourceTree = "<group>"; };
		FA53EFF225604D760038DA2A /* main.swift */ = {isa = PBXFileReference; fileEncoding = 4; lastKnownFileType = sourcecode.swift; name = main.swift; path = ../../../Documents/GitHub/CoronavirusTracker/main.swift; sourceTree = "<group>"; };
		FA53EFF325604D760038DA2A /* Enums.swift */ = {isa = PBXFileReference; fileEncoding = 4; lastKnownFileType = sourcecode.swift; name = Enums.swift; path = ../../../Documents/GitHub/CoronavirusTracker/Enums.swift; sourceTree = "<group>"; };
		FA53EFF425604D760038DA2A /* User.swift */ = {isa = PBXFileReference; fileEncoding = 4; lastKnownFileType = sourcecode.swift; name = User.swift; path = ../../../Documents/GitHub/CoronavirusTracker/User.swift; sourceTree = "<group>"; };
		FA53EFF525604D760038DA2A /* README.md */ = {isa = PBXFileReference; fileEncoding = 4; lastKnownFileType = net.daringfireball.markdown; name = README.md; path = ../../../Documents/GitHub/CoronavirusTracker/README.md; sourceTree = "<group>"; };
		FA53EFF625604D760038DA2A /* Notifications.swift */ = {isa = PBXFileReference; fileEncoding = 4; lastKnownFileType = sourcecode.swift; name = Notifications.swift; path = ../../../Documents/GitHub/CoronavirusTracker/Notifications.swift; sourceTree = "<group>"; };
/* End PBXFileReference section */

/* Begin PBXFrameworksBuildPhase section */
		FA53EFB625604D560038DA2A /* Frameworks */ = {
			isa = PBXFrameworksBuildPhase;
			buildActionMask = 2147483647;
			files = (
			);
			runOnlyForDeploymentPostprocessing = 0;
		};
		FA53EFCC25604D590038DA2A /* Frameworks */ = {
			isa = PBXFrameworksBuildPhase;
			buildActionMask = 2147483647;
			files = (
			);
			runOnlyForDeploymentPostprocessing = 0;
		};
		FA53EFD725604D590038DA2A /* Frameworks */ = {
			isa = PBXFrameworksBuildPhase;
			buildActionMask = 2147483647;
			files = (
			);
			runOnlyForDeploymentPostprocessing = 0;
		};
/* End PBXFrameworksBuildPhase section */

/* Begin PBXGroup section */
		FA53EFB025604D560038DA2A = {
			isa = PBXGroup;
			children = (
				FA53EFF325604D760038DA2A /* Enums.swift */,
				FA53EFEF25604D760038DA2A /* Location.swift */,
				FA53EFF225604D760038DA2A /* main.swift */,
				FA53EFF025604D760038DA2A /* News.swift */,
				FA53EFF625604D760038DA2A /* Notifications.swift */,
				FA53EFF125604D760038DA2A /* QRCode.swift */,
				FA53EFF525604D760038DA2A /* README.md */,
				FA53EFF425604D760038DA2A /* User.swift */,
				FA53EFBB25604D560038DA2A /* COVIDTracker */,
				FA53EFD225604D590038DA2A /* COVIDTrackerTests */,
				FA53EFDD25604D590038DA2A /* COVIDTrackerUITests */,
				FA53EFBA25604D560038DA2A /* Products */,
			);
			sourceTree = "<group>";
		};
		FA53EFBA25604D560038DA2A /* Products */ = {
			isa = PBXGroup;
			children = (
				FA53EFB925604D560038DA2A /* COVIDTracker.app */,
				FA53EFCF25604D590038DA2A /* COVIDTrackerTests.xctest */,
				FA53EFDA25604D590038DA2A /* COVIDTrackerUITests.xctest */,
			);
			name = Products;
			sourceTree = "<group>";
		};
		FA53EFBB25604D560038DA2A /* COVIDTracker */ = {
			isa = PBXGroup;
			children = (
				FA53EFBC25604D560038DA2A /* AppDelegate.swift */,
				FA53EFBE25604D560038DA2A /* SceneDelegate.swift */,
				FA53EFC025604D560038DA2A /* ViewController.swift */,
				FA53EFC225604D560038DA2A /* Main.storyboard */,
				FA53EFC525604D580038DA2A /* Assets.xcassets */,
				FA53EFC725604D580038DA2A /* LaunchScreen.storyboard */,
				FA53EFCA25604D580038DA2A /* Info.plist */,
			);
			path = COVIDTracker;
			sourceTree = "<group>";
		};
		FA53EFD225604D590038DA2A /* COVIDTrackerTests */ = {
			isa = PBXGroup;
			children = (
				FA53EFD325604D590038DA2A /* COVIDTrackerTests.swift */,
				FA53EFD525604D590038DA2A /* Info.plist */,
			);
			path = COVIDTrackerTests;
			sourceTree = "<group>";
		};
		FA53EFDD25604D590038DA2A /* COVIDTrackerUITests */ = {
			isa = PBXGroup;
			children = (
				FA53EFDE25604D590038DA2A /* COVIDTrackerUITests.swift */,
				FA53EFE025604D590038DA2A /* Info.plist */,
			);
			path = COVIDTrackerUITests;
			sourceTree = "<group>";
		};
/* End PBXGroup section */

/* Begin PBXNativeTarget section */
		FA53EFB825604D560038DA2A /* COVIDTracker */ = {
			isa = PBXNativeTarget;
			buildConfigurationList = FA53EFE325604D590038DA2A /* Build configuration list for PBXNativeTarget "COVIDTracker" */;
			buildPhases = (
				FA53EFB525604D560038DA2A /* Sources */,
				FA53EFB625604D560038DA2A /* Frameworks */,
				FA53EFB725604D560038DA2A /* Resources */,
			);
			buildRules = (
			);
			dependencies = (
			);
			name = COVIDTracker;
			productName = COVIDTracker;
			productReference = FA53EFB925604D560038DA2A /* COVIDTracker.app */;
			productType = "com.apple.product-type.application";
		};
		FA53EFCE25604D590038DA2A /* COVIDTrackerTests */ = {
			isa = PBXNativeTarget;
			buildConfigurationList = FA53EFE625604D590038DA2A /* Build configuration list for PBXNativeTarget "COVIDTrackerTests" */;
			buildPhases = (
				FA53EFCB25604D590038DA2A /* Sources */,
				FA53EFCC25604D590038DA2A /* Frameworks */,
				FA53EFCD25604D590038DA2A /* Resources */,
			);
			buildRules = (
			);
			dependencies = (
				FA53EFD125604D590038DA2A /* PBXTargetDependency */,
			);
			name = COVIDTrackerTests;
			productName = COVIDTrackerTests;
			productReference = FA53EFCF25604D590038DA2A /* COVIDTrackerTests.xctest */;
			productType = "com.apple.product-type.bundle.unit-test";
		};
		FA53EFD925604D590038DA2A /* COVIDTrackerUITests */ = {
			isa = PBXNativeTarget;
			buildConfigurationList = FA53EFE925604D590038DA2A /* Build configuration list for PBXNativeTarget "COVIDTrackerUITests" */;
			buildPhases = (
				FA53EFD625604D590038DA2A /* Sources */,
				FA53EFD725604D590038DA2A /* Frameworks */,
				FA53EFD825604D590038DA2A /* Resources */,
			);
			buildRules = (
			);
			dependencies = (
				FA53EFDC25604D590038DA2A /* PBXTargetDependency */,
			);
			name = COVIDTrackerUITests;
			productName = COVIDTrackerUITests;
			productReference = FA53EFDA25604D590038DA2A /* COVIDTrackerUITests.xctest */;
			productType = "com.apple.product-type.bundle.ui-testing";
		};
/* End PBXNativeTarget section */

/* Begin PBXProject section */
		FA53EFB125604D560038DA2A /* Project object */ = {
			isa = PBXProject;
			attributes = {
				LastSwiftUpdateCheck = 1220;
				LastUpgradeCheck = 1220;
				TargetAttributes = {
					FA53EFB825604D560038DA2A = {
						CreatedOnToolsVersion = 12.2;
					};
					FA53EFCE25604D590038DA2A = {
						CreatedOnToolsVersion = 12.2;
						TestTargetID = FA53EFB825604D560038DA2A;
					};
					FA53EFD925604D590038DA2A = {
						CreatedOnToolsVersion = 12.2;
						TestTargetID = FA53EFB825604D560038DA2A;
					};
				};
			};
			buildConfigurationList = FA53EFB425604D560038DA2A /* Build configuration list for PBXProject "COVIDTracker" */;
			compatibilityVersion = "Xcode 9.3";
			developmentRegion = en;
			hasScannedForEncodings = 0;
			knownRegions = (
				en,
				Base,
			);
			mainGroup = FA53EFB025604D560038DA2A;
			productRefGroup = FA53EFBA25604D560038DA2A /* Products */;
			projectDirPath = "";
			projectRoot = "";
			targets = (
				FA53EFB825604D560038DA2A /* COVIDTracker */,
				FA53EFCE25604D590038DA2A /* COVIDTrackerTests */,
				FA53EFD925604D590038DA2A /* COVIDTrackerUITests */,
			);
		};
/* End PBXProject section */

/* Begin PBXResourcesBuildPhase section */
		FA53EFB725604D560038DA2A /* Resources */ = {
			isa = PBXResourcesBuildPhase;
			buildActionMask = 2147483647;
			files = (
				FA53EFC925604D580038DA2A /* LaunchScreen.storyboard in Resources */,
				FA53EFC625604D580038DA2A /* Assets.xcassets in Resources */,
				FA53EFFD25604D760038DA2A /* README.md in Resources */,
				FA53EFC425604D560038DA2A /* Main.storyboard in Resources */,
			);
			runOnlyForDeploymentPostprocessing = 0;
		};
		FA53EFCD25604D590038DA2A /* Resources */ = {
			isa = PBXResourcesBuildPhase;
			buildActionMask = 2147483647;
			files = (
			);
			runOnlyForDeploymentPostprocessing = 0;
		};
		FA53EFD825604D590038DA2A /* Resources */ = {
			isa = PBXResourcesBuildPhase;
			buildActionMask = 2147483647;
			files = (
			);
			runOnlyForDeploymentPostprocessing = 0;
		};
/* End PBXResourcesBuildPhase section */

/* Begin PBXSourcesBuildPhase section */
		FA53EFB525604D560038DA2A /* Sources */ = {
			isa = PBXSourcesBuildPhase;
			buildActionMask = 2147483647;
			files = (
				FA53EFFE25604D760038DA2A /* Notifications.swift in Sources */,
				FA53EFC125604D560038DA2A /* ViewController.swift in Sources */,
				FA53EFFA25604D760038DA2A /* main.swift in Sources */,
				FA53EFBD25604D560038DA2A /* AppDelegate.swift in Sources */,
				FA53EFF725604D760038DA2A /* Location.swift in Sources */,
				FA53EFF825604D760038DA2A /* News.swift in Sources */,
				FA53EFFC25604D760038DA2A /* User.swift in Sources */,
				FA53EFBF25604D560038DA2A /* SceneDelegate.swift in Sources */,
				FA53EFFB25604D760038DA2A /* Enums.swift in Sources */,
				FA53EFF925604D760038DA2A /* QRCode.swift in Sources */,
			);
			runOnlyForDeploymentPostprocessing = 0;
		};
		FA53EFCB25604D590038DA2A /* Sources */ = {
			isa = PBXSourcesBuildPhase;
			buildActionMask = 2147483647;
			files = (
				FA53EFD425604D590038DA2A /* COVIDTrackerTests.swift in Sources */,
			);
			runOnlyForDeploymentPostprocessing = 0;
		};
		FA53EFD625604D590038DA2A /* Sources */ = {
			isa = PBXSourcesBuildPhase;
			buildActionMask = 2147483647;
			files = (
				FA53EFDF25604D590038DA2A /* COVIDTrackerUITests.swift in Sources */,
			);
			runOnlyForDeploymentPostprocessing = 0;
		};
/* End PBXSourcesBuildPhase section */

/* Begin PBXTargetDependency section */
		FA53EFD125604D590038DA2A /* PBXTargetDependency */ = {
			isa = PBXTargetDependency;
			target = FA53EFB825604D560038DA2A /* COVIDTracker */;
			targetProxy = FA53EFD025604D590038DA2A /* PBXContainerItemProxy */;
		};
		FA53EFDC25604D590038DA2A /* PBXTargetDependency */ = {
			isa = PBXTargetDependency;
			target = FA53EFB825604D560038DA2A /* COVIDTracker */;
			targetProxy = FA53EFDB25604D590038DA2A /* PBXContainerItemProxy */;
		};
/* End PBXTargetDependency section */

/* Begin PBXVariantGroup section */
		FA53EFC225604D560038DA2A /* Main.storyboard */ = {
			isa = PBXVariantGroup;
			children = (
				FA53EFC325604D560038DA2A /* Base */,
			);
			name = Main.storyboard;
			sourceTree = "<group>";
		};
		FA53EFC725604D580038DA2A /* LaunchScreen.storyboard */ = {
			isa = PBXVariantGroup;
			children = (
				FA53EFC825604D580038DA2A /* Base */,
			);
			name = LaunchScreen.storyboard;
			sourceTree = "<group>";
		};
/* End PBXVariantGroup section */

/* Begin XCBuildConfiguration section */
		FA53EFE125604D590038DA2A /* Debug */ = {
			isa = XCBuildConfiguration;
			buildSettings = {
				ALWAYS_SEARCH_USER_PATHS = NO;
				CLANG_ANALYZER_NONNULL = YES;
				CLANG_ANALYZER_NUMBER_OBJECT_CONVERSION = YES_AGGRESSIVE;
				CLANG_CXX_LANGUAGE_STANDARD = "gnu++14";
				CLANG_CXX_LIBRARY = "libc++";
				CLANG_ENABLE_MODULES = YES;
				CLANG_ENABLE_OBJC_ARC = YES;
				CLANG_ENABLE_OBJC_WEAK = YES;
				CLANG_WARN_BLOCK_CAPTURE_AUTORELEASING = YES;
				CLANG_WARN_BOOL_CONVERSION = YES;
				CLANG_WARN_COMMA = YES;
				CLANG_WARN_CONSTANT_CONVERSION = YES;
				CLANG_WARN_DEPRECATED_OBJC_IMPLEMENTATIONS = YES;
				CLANG_WARN_DIRECT_OBJC_ISA_USAGE = YES_ERROR;
				CLANG_WARN_DOCUMENTATION_COMMENTS = YES;
				CLANG_WARN_EMPTY_BODY = YES;
				CLANG_WARN_ENUM_CONVERSION = YES;
				CLANG_WARN_INFINITE_RECURSION = YES;
				CLANG_WARN_INT_CONVERSION = YES;
				CLANG_WARN_NON_LITERAL_NULL_CONVERSION = YES;
				CLANG_WARN_OBJC_IMPLICIT_RETAIN_SELF = YES;
				CLANG_WARN_OBJC_LITERAL_CONVERSION = YES;
				CLANG_WARN_OBJC_ROOT_CLASS = YES_ERROR;
				CLANG_WARN_QUOTED_INCLUDE_IN_FRAMEWORK_HEADER = YES;
				CLANG_WARN_RANGE_LOOP_ANALYSIS = YES;
				CLANG_WARN_STRICT_PROTOTYPES = YES;
				CLANG_WARN_SUSPICIOUS_MOVE = YES;
				CLANG_WARN_UNGUARDED_AVAILABILITY = YES_AGGRESSIVE;
				CLANG_WARN_UNREACHABLE_CODE = YES;
				CLANG_WARN__DUPLICATE_METHOD_MATCH = YES;
				COPY_PHASE_STRIP = NO;
				DEBUG_INFORMATION_FORMAT = dwarf;
				ENABLE_STRICT_OBJC_MSGSEND = YES;
				ENABLE_TESTABILITY = YES;
				GCC_C_LANGUAGE_STANDARD = gnu11;
				GCC_DYNAMIC_NO_PIC = NO;
				GCC_NO_COMMON_BLOCKS = YES;
				GCC_OPTIMIZATION_LEVEL = 0;
				GCC_PREPROCESSOR_DEFINITIONS = (
					"DEBUG=1",
					"$(inherited)",
				);
				GCC_WARN_64_TO_32_BIT_CONVERSION = YES;
				GCC_WARN_ABOUT_RETURN_TYPE = YES_ERROR;
				GCC_WARN_UNDECLARED_SELECTOR = YES;
				GCC_WARN_UNINITIALIZED_AUTOS = YES_AGGRESSIVE;
				GCC_WARN_UNUSED_FUNCTION = YES;
				GCC_WARN_UNUSED_VARIABLE = YES;
				IPHONEOS_DEPLOYMENT_TARGET = 14.2;
				MTL_ENABLE_DEBUG_INFO = INCLUDE_SOURCE;
				MTL_FAST_MATH = YES;
				ONLY_ACTIVE_ARCH = YES;
				SDKROOT = iphoneos;
				SWIFT_ACTIVE_COMPILATION_CONDITIONS = DEBUG;
				SWIFT_OPTIMIZATION_LEVEL = "-Onone";
			};
			name = Debug;
		};
		FA53EFE225604D590038DA2A /* Release */ = {
			isa = XCBuildConfiguration;
			buildSettings = {
				ALWAYS_SEARCH_USER_PATHS = NO;
				CLANG_ANALYZER_NONNULL = YES;
				CLANG_ANALYZER_NUMBER_OBJECT_CONVERSION = YES_AGGRESSIVE;
				CLANG_CXX_LANGUAGE_STANDARD = "gnu++14";
				CLANG_CXX_LIBRARY = "libc++";
				CLANG_ENABLE_MODULES = YES;
				CLANG_ENABLE_OBJC_ARC = YES;
				CLANG_ENABLE_OBJC_WEAK = YES;
				CLANG_WARN_BLOCK_CAPTURE_AUTORELEASING = YES;
				CLANG_WARN_BOOL_CONVERSION = YES;
				CLANG_WARN_COMMA = YES;
				CLANG_WARN_CONSTANT_CONVERSION = YES;
				CLANG_WARN_DEPRECATED_OBJC_IMPLEMENTATIONS = YES;
				CLANG_WARN_DIRECT_OBJC_ISA_USAGE = YES_ERROR;
				CLANG_WARN_DOCUMENTATION_COMMENTS = YES;
				CLANG_WARN_EMPTY_BODY = YES;
				CLANG_WARN_ENUM_CONVERSION = YES;
				CLANG_WARN_INFINITE_RECURSION = YES;
				CLANG_WARN_INT_CONVERSION = YES;
				CLANG_WARN_NON_LITERAL_NULL_CONVERSION = YES;
				CLANG_WARN_OBJC_IMPLICIT_RETAIN_SELF = YES;
				CLANG_WARN_OBJC_LITERAL_CONVERSION = YES;
				CLANG_WARN_OBJC_ROOT_CLASS = YES_ERROR;
				CLANG_WARN_QUOTED_INCLUDE_IN_FRAMEWORK_HEADER = YES;
				CLANG_WARN_RANGE_LOOP_ANALYSIS = YES;
				CLANG_WARN_STRICT_PROTOTYPES = YES;
				CLANG_WARN_SUSPICIOUS_MOVE = YES;
				CLANG_WARN_UNGUARDED_AVAILABILITY = YES_AGGRESSIVE;
				CLANG_WARN_UNREACHABLE_CODE = YES;
				CLANG_WARN__DUPLICATE_METHOD_MATCH = YES;
				COPY_PHASE_STRIP = NO;
				DEBUG_INFORMATION_FORMAT = "dwarf-with-dsym";
				ENABLE_NS_ASSERTIONS = NO;
				ENABLE_STRICT_OBJC_MSGSEND = YES;
				GCC_C_LANGUAGE_STANDARD = gnu11;
				GCC_NO_COMMON_BLOCKS = YES;
				GCC_WARN_64_TO_32_BIT_CONVERSION = YES;
				GCC_WARN_ABOUT_RETURN_TYPE = YES_ERROR;
				GCC_WARN_UNDECLARED_SELECTOR = YES;
				GCC_WARN_UNINITIALIZED_AUTOS = YES_AGGRESSIVE;
				GCC_WARN_UNUSED_FUNCTION = YES;
				GCC_WARN_UNUSED_VARIABLE = YES;
				IPHONEOS_DEPLOYMENT_TARGET = 14.2;
				MTL_ENABLE_DEBUG_INFO = NO;
				MTL_FAST_MATH = YES;
				SDKROOT = iphoneos;
				SWIFT_COMPILATION_MODE = wholemodule;
				SWIFT_OPTIMIZATION_LEVEL = "-O";
				VALIDATE_PRODUCT = YES;
			};
			name = Release;
		};
		FA53EFE425604D590038DA2A /* Debug */ = {
			isa = XCBuildConfiguration;
			buildSettings = {
				ASSETCATALOG_COMPILER_APPICON_NAME = AppIcon;
				ASSETCATALOG_COMPILER_GLOBAL_ACCENT_COLOR_NAME = AccentColor;
				CODE_SIGN_STYLE = Automatic;
				INFOPLIST_FILE = COVIDTracker/Info.plist;
				LD_RUNPATH_SEARCH_PATHS = (
					"$(inherited)",
					"@executable_path/Frameworks",
				);
				PRODUCT_BUNDLE_IDENTIFIER = TSASD.COVIDTracker;
				PRODUCT_NAME = "$(TARGET_NAME)";
				SWIFT_VERSION = 5.0;
				TARGETED_DEVICE_FAMILY = "1,2";
			};
			name = Debug;
		};
		FA53EFE525604D590038DA2A /* Release */ = {
			isa = XCBuildConfiguration;
			buildSettings = {
				ASSETCATALOG_COMPILER_APPICON_NAME = AppIcon;
				ASSETCATALOG_COMPILER_GLOBAL_ACCENT_COLOR_NAME = AccentColor;
				CODE_SIGN_STYLE = Automatic;
				INFOPLIST_FILE = COVIDTracker/Info.plist;
				LD_RUNPATH_SEARCH_PATHS = (
					"$(inherited)",
					"@executable_path/Frameworks",
				);
				PRODUCT_BUNDLE_IDENTIFIER = TSASD.COVIDTracker;
				PRODUCT_NAME = "$(TARGET_NAME)";
				SWIFT_VERSION = 5.0;
				TARGETED_DEVICE_FAMILY = "1,2";
			};
			name = Release;
		};
		FA53EFE725604D590038DA2A /* Debug */ = {
			isa = XCBuildConfiguration;
			buildSettings = {
				ALWAYS_EMBED_SWIFT_STANDARD_LIBRARIES = YES;
				BUNDLE_LOADER = "$(TEST_HOST)";
				CODE_SIGN_STYLE = Automatic;
				INFOPLIST_FILE = COVIDTrackerTests/Info.plist;
				IPHONEOS_DEPLOYMENT_TARGET = 14.2;
				LD_RUNPATH_SEARCH_PATHS = (
					"$(inherited)",
					"@executable_path/Frameworks",
					"@loader_path/Frameworks",
				);
				PRODUCT_BUNDLE_IDENTIFIER = TSASD.COVIDTrackerTests;
				PRODUCT_NAME = "$(TARGET_NAME)";
				SWIFT_VERSION = 5.0;
				TARGETED_DEVICE_FAMILY = "1,2";
				TEST_HOST = "$(BUILT_PRODUCTS_DIR)/COVIDTracker.app/COVIDTracker";
			};
			name = Debug;
		};
		FA53EFE825604D590038DA2A /* Release */ = {
			isa = XCBuildConfiguration;
			buildSettings = {
				ALWAYS_EMBED_SWIFT_STANDARD_LIBRARIES = YES;
				BUNDLE_LOADER = "$(TEST_HOST)";
				CODE_SIGN_STYLE = Automatic;
				INFOPLIST_FILE = COVIDTrackerTests/Info.plist;
				IPHONEOS_DEPLOYMENT_TARGET = 14.2;
				LD_RUNPATH_SEARCH_PATHS = (
					"$(inherited)",
					"@executable_path/Frameworks",
					"@loader_path/Frameworks",
				);
				PRODUCT_BUNDLE_IDENTIFIER = TSASD.COVIDTrackerTests;
				PRODUCT_NAME = "$(TARGET_NAME)";
				SWIFT_VERSION = 5.0;
				TARGETED_DEVICE_FAMILY = "1,2";
				TEST_HOST = "$(BUILT_PRODUCTS_DIR)/COVIDTracker.app/COVIDTracker";
			};
			name = Release;
		};
		FA53EFEA25604D590038DA2A /* Debug */ = {
			isa = XCBuildConfiguration;
			buildSettings = {
				ALWAYS_EMBED_SWIFT_STANDARD_LIBRARIES = YES;
				CODE_SIGN_STYLE = Automatic;
				INFOPLIST_FILE = COVIDTrackerUITests/Info.plist;
				LD_RUNPATH_SEARCH_PATHS = (
					"$(inherited)",
					"@executable_path/Frameworks",
					"@loader_path/Frameworks",
				);
				PRODUCT_BUNDLE_IDENTIFIER = TSASD.COVIDTrackerUITests;
				PRODUCT_NAME = "$(TARGET_NAME)";
				SWIFT_VERSION = 5.0;
				TARGETED_DEVICE_FAMILY = "1,2";
				TEST_TARGET_NAME = COVIDTracker;
			};
			name = Debug;
		};
		FA53EFEB25604D590038DA2A /* Release */ = {
			isa = XCBuildConfiguration;
			buildSettings = {
				ALWAYS_EMBED_SWIFT_STANDARD_LIBRARIES = YES;
				CODE_SIGN_STYLE = Automatic;
				INFOPLIST_FILE = COVIDTrackerUITests/Info.plist;
				LD_RUNPATH_SEARCH_PATHS = (
					"$(inherited)",
					"@executable_path/Frameworks",
					"@loader_path/Frameworks",
				);
				PRODUCT_BUNDLE_IDENTIFIER = TSASD.COVIDTrackerUITests;
				PRODUCT_NAME = "$(TARGET_NAME)";
				SWIFT_VERSION = 5.0;
				TARGETED_DEVICE_FAMILY = "1,2";
				TEST_TARGET_NAME = COVIDTracker;
			};
			name = Release;
		};
/* End XCBuildConfiguration section */

/* Begin XCConfigurationList section */
		FA53EFB425604D560038DA2A /* Build configuration list for PBXProject "COVIDTracker" */ = {
			isa = XCConfigurationList;
			buildConfigurations = (
				FA53EFE125604D590038DA2A /* Debug */,
				FA53EFE225604D590038DA2A /* Release */,
			);
			defaultConfigurationIsVisible = 0;
			defaultConfigurationName = Release;
		};
		FA53EFE325604D590038DA2A /* Build configuration list for PBXNativeTarget "COVIDTracker" */ = {
			isa = XCConfigurationList;
			buildConfigurations = (
				FA53EFE425604D590038DA2A /* Debug */,
				FA53EFE525604D590038DA2A /* Release */,
			);
			defaultConfigurationIsVisible = 0;
			defaultConfigurationName = Release;
		};
		FA53EFE625604D590038DA2A /* Build configuration list for PBXNativeTarget "COVIDTrackerTests" */ = {
			isa = XCConfigurationList;
			buildConfigurations = (
				FA53EFE725604D590038DA2A /* Debug */,
				FA53EFE825604D590038DA2A /* Release */,
			);
			defaultConfigurationIsVisible = 0;
			defaultConfigurationName = Release;
		};
		FA53EFE925604D590038DA2A /* Build configuration list for PBXNativeTarget "COVIDTrackerUITests" */ = {
			isa = XCConfigurationList;
			buildConfigurations = (
				FA53EFEA25604D590038DA2A /* Debug */,
				FA53EFEB25604D590038DA2A /* Release */,
			);
			defaultConfigurationIsVisible = 0;
			defaultConfigurationName = Release;
		};
/* End XCConfigurationList section */
	};
	rootObject = FA53EFB125604D560038DA2A /* Project object */;
}
